
Microsoft Visual Studio Solution File, Format Version 12.00
# Visual Studio Version 16
VisualStudioVersion = 16.0.33927.289
MinimumVisualStudioVersion = 10.0.40219.1
Project("{2150E333-8FDC-42A3-9474-1A3956D46DE8}") = "Task0", "Task0", "{A7EFE20E-9C0B-4D3B-9B59-7FCC08FE995F}"
EndProject
Project("{FAE04EC0-301F-11D3-BF4B-00C04F79EFBC}") = "Tyuiu.SafronovVV.Sprint0.Task0.V0", "Tyuiu.SafronovVV.Sprint0.Task0.V0\Tyuiu.SafronovVV.Sprint0.Task0.V0.csproj", "{E54C72CE-E24F-43F6-9A6E-D37F367A63C7}"
EndProject
Project("{2150E333-8FDC-42A3-9474-1A3956D46DE8}") = "Task1", "Task1", "{07A32077-DC4B-4478-B459-5C7359B1ABA0}"
EndProject
Project("{FAE04EC0-301F-11D3-BF4B-00C04F79EFBC}") = "Tyuiu.SafronovVV.Sprint0.Task1.V0", "Tyuiu.SafronovVV.Sprint0.Task1.V0\Tyuiu.SafronovVV.Sprint0.Task1.V0.csproj", "{453658BE-6DD9-46EE-AC1F-00C183991C83}"
EndProject
Project("{2150E333-8FDC-42A3-9474-1A3956D46DE8}") = "Task2", "Task2", "{9B2C4855-96C1-4238-97CE-91CB00BC45E9}"
EndProject
Project("{FAE04EC0-301F-11D3-BF4B-00C04F79EFBC}") = "Tyuiu.SafronovVV.Sprint0.Task2.V0", "Tyuiu.SafronovVV.Sprint0.Task2.V0\Tyuiu.SafronovVV.Sprint0.Task2.V0.csproj", "{9F18D968-2885-43E4-A9FA-A8BD5D3E227D}"
EndProject
Project("{FAE04EC0-301F-11D3-BF4B-00C04F79EFBC}") = "Tyuiu.SafronovVV.Sprint0.Task2.V0.Lib", "Tyuiu.SafronovVV.Sprint0.Task2.V0.Lib\Tyuiu.SafronovVV.Sprint0.Task2.V0.Lib.csproj", "{40FD1543-1A36-42CD-977A-9D0593E497E5}"
EndProject
Project("{FAE04EC0-301F-11D3-BF4B-00C04F79EFBC}") = "Tyuiu.SafronovVV.Sprint0.Task2.V0.Test", "Tyuiu.SafronovVV.Sprint0.Task2.V0.Test\Tyuiu.SafronovVV.Sprint0.Task2.V0.Test.csproj", "{C292A9C7-44EB-4DDA-A7C2-1C9FFCA6332C}"
EndProject
Project("{2150E333-8FDC-42A3-9474-1A3956D46DE8}") = "Task3", "Task3", "{590755DF-8FED-43FE-BAAD-9B381D5E9D27}"
EndProject
Project("{FAE04EC0-301F-11D3-BF4B-00C04F79EFBC}") = "Tyuiu.SafronovVV.Sprint0.Task3.V0", "Tyuiu.SafronovVV.Sprint0.Task3.V0\Tyuiu.SafronovVV.Sprint0.Task3.V0.csproj", "{291E60F2-99B7-4A01-86A0-53B743D973A4}"
EndProject
Project("{FAE04EC0-301F-11D3-BF4B-00C04F79EFBC}") = "Tyuiu.SafronovVV.Sprint0.Task3.V0.Lib", "Tyuiu.SafronovVV.Sprint0.Task3.V0.Lib\Tyuiu.SafronovVV.Sprint0.Task3.V0.Lib.csproj", "{AA0D5BFE-2C65-4D42-A0F5-7AAAB4F5DFB5}"
EndProject
Project("{FAE04EC0-301F-11D3-BF4B-00C04F79EFBC}") = "Tyuiu.SafronovVV.Sprint0.Task3.V0.Test", "Tyuiu.SafronovVV.Sprint0.Task3.V0.Test\Tyuiu.SafronovVV.Sprint0.Task3.V0.Test.csproj", "{4C3FA452-2711-4D01-846C-FDBBC0C663C0}"
EndProject
Project("{2150E333-8FDC-42A3-9474-1A3956D46DE8}") = "Task4", "Task4", "{CC5A5571-6670-4370-8AC8-33ACF35D5FBD}"
EndProject
Project("{FAE04EC0-301F-11D3-BF4B-00C04F79EFBC}") = "Tyuiu.SafronovVV.Sprint0.Task4.V0", "Tyuiu.SafronovVV.Sprint0.Task4.V0\Tyuiu.SafronovVV.Sprint0.Task4.V0.csproj", "{B922F320-3923-49FA-BB2B-2754AF24F973}"
EndProject
Project("{FAE04EC0-301F-11D3-BF4B-00C04F79EFBC}") = "Tyuiu.SafronovVV.Sprint0.Task4.V0.Lib", "Tyuiu.SafronovVV.Sprint0.Task4.V0.Lib\Tyuiu.SafronovVV.Sprint0.Task4.V0.Lib.csproj", "{1758C40D-89E1-4C2C-8656-069F06482D3F}"
EndProject
Project("{FAE04EC0-301F-11D3-BF4B-00C04F79EFBC}") = "Tyuiu.SafronovVV.Sprint0.Task4.V0.Test", "Tyuiu.SafronovVV.Sprint0.Task4.V0.Test\Tyuiu.SafronovVV.Sprint0.Task4.V0.Test.csproj", "{83D92BA3-7987-468F-A0F6-3760CADD3C4A}"
EndProject
Global
	GlobalSection(SolutionConfigurationPlatforms) = preSolution
		Debug|Any CPU = Debug|Any CPU
		Release|Any CPU = Release|Any CPU
	EndGlobalSection
	GlobalSection(ProjectConfigurationPlatforms) = postSolution
		{E54C72CE-E24F-43F6-9A6E-D37F367A63C7}.Debug|Any CPU.ActiveCfg = Debug|Any CPU
		{E54C72CE-E24F-43F6-9A6E-D37F367A63C7}.Debug|Any CPU.Build.0 = Debug|Any CPU
		{E54C72CE-E24F-43F6-9A6E-D37F367A63C7}.Release|Any CPU.ActiveCfg = Release|Any CPU
		{E54C72CE-E24F-43F6-9A6E-D37F367A63C7}.Release|Any CPU.Build.0 = Release|Any CPU
		{453658BE-6DD9-46EE-AC1F-00C183991C83}.Debug|Any CPU.ActiveCfg = Debug|Any CPU
		{453658BE-6DD9-46EE-AC1F-00C183991C83}.Debug|Any CPU.Build.0 = Debug|Any CPU
		{453658BE-6DD9-46EE-AC1F-00C183991C83}.Release|Any CPU.ActiveCfg = Release|Any CPU
		{453658BE-6DD9-46EE-AC1F-00C183991C83}.Release|Any CPU.Build.0 = Release|Any CPU
		{9F18D968-2885-43E4-A9FA-A8BD5D3E227D}.Debug|Any CPU.ActiveCfg = Debug|Any CPU
		{9F18D968-2885-43E4-A9FA-A8BD5D3E227D}.Debug|Any CPU.Build.0 = Debug|Any CPU
		{9F18D968-2885-43E4-A9FA-A8BD5D3E227D}.Release|Any CPU.ActiveCfg = Release|Any CPU
		{9F18D968-2885-43E4-A9FA-A8BD5D3E227D}.Release|Any CPU.Build.0 = Release|Any CPU
		{40FD1543-1A36-42CD-977A-9D0593E497E5}.Debug|Any CPU.ActiveCfg = Debug|Any CPU
		{40FD1543-1A36-42CD-977A-9D0593E497E5}.Debug|Any CPU.Build.0 = Debug|Any CPU
		{40FD1543-1A36-42CD-977A-9D0593E497E5}.Release|Any CPU.ActiveCfg = Release|Any CPU
		{40FD1543-1A36-42CD-977A-9D0593E497E5}.Release|Any CPU.Build.0 = Release|Any CPU
		{C292A9C7-44EB-4DDA-A7C2-1C9FFCA6332C}.Debug|Any CPU.ActiveCfg = Debug|Any CPU
		{C292A9C7-44EB-4DDA-A7C2-1C9FFCA6332C}.Debug|Any CPU.Build.0 = Debug|Any CPU
		{C292A9C7-44EB-4DDA-A7C2-1C9FFCA6332C}.Release|Any CPU.ActiveCfg = Release|Any CPU
		{C292A9C7-44EB-4DDA-A7C2-1C9FFCA6332C}.Release|Any CPU.Build.0 = Release|Any CPU
		{291E60F2-99B7-4A01-86A0-53B743D973A4}.Debug|Any CPU.ActiveCfg = Debug|Any CPU
		{291E60F2-99B7-4A01-86A0-53B743D973A4}.Debug|Any CPU.Build.0 = Debug|Any CPU
		{291E60F2-99B7-4A01-86A0-53B743D973A4}.Release|Any CPU.ActiveCfg = Release|Any CPU
		{291E60F2-99B7-4A01-86A0-53B743D973A4}.Release|Any CPU.Build.0 = Release|Any CPU
		{AA0D5BFE-2C65-4D42-A0F5-7AAAB4F5DFB5}.Debug|Any CPU.ActiveCfg = Debug|Any CPU
		{AA0D5BFE-2C65-4D42-A0F5-7AAAB4F5DFB5}.Debug|Any CPU.Build.0 = Debug|Any CPU
		{AA0D5BFE-2C65-4D42-A0F5-7AAAB4F5DFB5}.Release|Any CPU.ActiveCfg = Release|Any CPU
		{AA0D5BFE-2C65-4D42-A0F5-7AAAB4F5DFB5}.Release|Any CPU.Build.0 = Release|Any CPU
		{4C3FA452-2711-4D01-846C-FDBBC0C663C0}.Debug|Any CPU.ActiveCfg = Debug|Any CPU
		{4C3FA452-2711-4D01-846C-FDBBC0C663C0}.Debug|Any CPU.Build.0 = Debug|Any CPU
		{4C3FA452-2711-4D01-846C-FDBBC0C663C0}.Release|Any CPU.ActiveCfg = Release|Any CPU
		{4C3FA452-2711-4D01-846C-FDBBC0C663C0}.Release|Any CPU.Build.0 = Release|Any CPU
		{B922F320-3923-49FA-BB2B-2754AF24F973}.Debug|Any CPU.ActiveCfg = Debug|Any CPU
		{B922F320-3923-49FA-BB2B-2754AF24F973}.Debug|Any CPU.Build.0 = Debug|Any CPU
		{B922F320-3923-49FA-BB2B-2754AF24F973}.Release|Any CPU.ActiveCfg = Release|Any CPU
		{B922F320-3923-49FA-BB2B-2754AF24F973}.Release|Any CPU.Build.0 = Release|Any CPU
		{1758C40D-89E1-4C2C-8656-069F06482D3F}.Debug|Any CPU.ActiveCfg = Debug|Any CPU
		{1758C40D-89E1-4C2C-8656-069F06482D3F}.Debug|Any CPU.Build.0 = Debug|Any CPU
		{1758C40D-89E1-4C2C-8656-069F06482D3F}.Release|Any CPU.ActiveCfg = Release|Any CPU
		{1758C40D-89E1-4C2C-8656-069F06482D3F}.Release|Any CPU.Build.0 = Release|Any CPU
		{83D92BA3-7987-468F-A0F6-3760CADD3C4A}.Debug|Any CPU.ActiveCfg = Debug|Any CPU
		{83D92BA3-7987-468F-A0F6-3760CADD3C4A}.Debug|Any CPU.Build.0 = Debug|Any CPU
		{83D92BA3-7987-468F-A0F6-3760CADD3C4A}.Release|Any CPU.ActiveCfg = Release|Any CPU
		{83D92BA3-7987-468F-A0F6-3760CADD3C4A}.Release|Any CPU.Build.0 = Release|Any CPU
	EndGlobalSection
	GlobalSection(SolutionProperties) = preSolution
		HideSolutionNode = FALSE
	EndGlobalSection
	GlobalSection(NestedProjects) = preSolution
		{E54C72CE-E24F-43F6-9A6E-D37F367A63C7} = {A7EFE20E-9C0B-4D3B-9B59-7FCC08FE995F}
		{453658BE-6DD9-46EE-AC1F-00C183991C83} = {07A32077-DC4B-4478-B459-5C7359B1ABA0}
		{9F18D968-2885-43E4-A9FA-A8BD5D3E227D} = {9B2C4855-96C1-4238-97CE-91CB00BC45E9}
		{40FD1543-1A36-42CD-977A-9D0593E497E5} = {9B2C4855-96C1-4238-97CE-91CB00BC45E9}
		{C292A9C7-44EB-4DDA-A7C2-1C9FFCA6332C} = {9B2C4855-96C1-4238-97CE-91CB00BC45E9}
		{291E60F2-99B7-4A01-86A0-53B743D973A4} = {590755DF-8FED-43FE-BAAD-9B381D5E9D27}
		{AA0D5BFE-2C65-4D42-A0F5-7AAAB4F5DFB5} = {590755DF-8FED-43FE-BAAD-9B381D5E9D27}
		{4C3FA452-2711-4D01-846C-FDBBC0C663C0} = {590755DF-8FED-43FE-BAAD-9B381D5E9D27}
		{B922F320-3923-49FA-BB2B-2754AF24F973} = {CC5A5571-6670-4370-8AC8-33ACF35D5FBD}
		{1758C40D-89E1-4C2C-8656-069F06482D3F} = {CC5A5571-6670-4370-8AC8-33ACF35D5FBD}
		{83D92BA3-7987-468F-A0F6-3760CADD3C4A} = {CC5A5571-6670-4370-8AC8-33ACF35D5FBD}
	EndGlobalSection
	GlobalSection(ExtensibilityGlobals) = postSolution
		SolutionGuid = {9A803505-0A12-4D08-8659-39A564A5213E}
	EndGlobalSection
EndGlobal
